{
  "name": "Bookers",
  "lockfileVersion": 2,
  "requires": true,
  "packages": {
    "": {
      "name": "Bookers",
      "dependencies": {
        "lottie-web": "^5.8.1",
        "swiper": "^7.3.4"
      }
    },
    "node_modules/dom7": {
      "version": "4.0.2",
      "resolved": "https://registry.npmjs.org/dom7/-/dom7-4.0.2.tgz",
      "integrity": "sha512-Ji4t3Y/vNQg6Q9bR+Syx6Td8qiq8116LE9h4OzbPuxdxK7DyyX7i8EXkYgBX6+EiX6+oYXDTH5BSN29G/n4jug==",
      "dependencies": {
        "ssr-window": "^4.0.0"
      }
    },
    "node_modules/lottie-web": {
      "version": "5.8.1",
      "resolved": "https://registry.npmjs.org/lottie-web/-/lottie-web-5.8.1.tgz",
      "integrity": "sha512-9gIizWADlaHC2GCt+D+yNpk5l2clZQFqnVWWIVdY0LnxC/uLa39dYltAe3fcmC/hrZ2IUQ8dLlY0O934Npjs7Q=="
    },
    "node_modules/ssr-window": {
      "version": "4.0.2",
      "resolved": "https://registry.npmjs.org/ssr-window/-/ssr-window-4.0.2.tgz",
      "integrity": "sha512-ISv/Ch+ig7SOtw7G2+qkwfVASzazUnvlDTwypdLoPoySv+6MqlOV10VwPSE6EWkGjhW50lUmghPmpYZXMu/+AQ=="
    },
    "node_modules/swiper": {
      "version": "7.3.4",
      "resolved": "https://registry.npmjs.org/swiper/-/swiper-7.3.4.tgz",
      "integrity": "sha512-inlAKAA12oiCL3eSWC8WxtwWtzGZ7VU4sABWzwAk75+TU2AMi0+MyjlQ6QSlCkv/vrnMT6CsPant6wyNouuUww==",
      "funding": [
        {
          "type": "patreon",
          "url": "https://www.patreon.com/swiperjs"
        },
        {
          "type": "open_collective",
          "url": "http://opencollective.com/swiper"
        }
      ],
      "hasInstallScript": true,
      "dependencies": {
        "dom7": "^4.0.2",
        "ssr-window": "^4.0.2"
      },
      "engines": {
        "node": ">= 4.7.0"
      }
    }
  },
  "dependencies": {
    "dom7": {
      "version": "4.0.2",
      "resolved": "https://registry.npmjs.org/dom7/-/dom7-4.0.2.tgz",
      "integrity": "sha512-Ji4t3Y/vNQg6Q9bR+Syx6Td8qiq8116LE9h4OzbPuxdxK7DyyX7i8EXkYgBX6+EiX6+oYXDTH5BSN29G/n4jug==",
      "requires": {
        "ssr-window": "^4.0.0"
      }
    },
    "lottie-web": {
      "version": "5.8.1",
      "resolved": "https://registry.npmjs.org/lottie-web/-/lottie-web-5.8.1.tgz",
      "integrity": "sha512-9gIizWADlaHC2GCt+D+yNpk5l2clZQFqnVWWIVdY0LnxC/uLa39dYltAe3fcmC/hrZ2IUQ8dLlY0O934Npjs7Q=="
    },
    "ssr-window": {
      "version": "4.0.2",
      "resolved": "https://registry.npmjs.org/ssr-window/-/ssr-window-4.0.2.tgz",
      "integrity": "sha512-ISv/Ch+ig7SOtw7G2+qkwfVASzazUnvlDTwypdLoPoySv+6MqlOV10VwPSE6EWkGjhW50lUmghPmpYZXMu/+AQ=="
    },
    "swiper": {
      "version": "7.3.4",
      "resolved": "https://registry.npmjs.org/swiper/-/swiper-7.3.4.tgz",
      "integrity": "sha512-inlAKAA12oiCL3eSWC8WxtwWtzGZ7VU4sABWzwAk75+TU2AMi0+MyjlQ6QSlCkv/vrnMT6CsPant6wyNouuUww==",
      "requires": {
        "dom7": "^4.0.2",
        "ssr-window": "^4.0.2"
      }
    }
  }
}
